
Microsoft Visual Studio Solution File, Format Version 12.00
# Visual Studio Version 17
VisualStudioVersion = 17.10.35027.167
MinimumVisualStudioVersion = 10.0.40219.1
Project("{FAE04EC0-301F-11D3-BF4B-00C04F79EFBC}") = "SocialNetworkProjectMVC.Core", "SocialNetworkProjectMVC.Core\SocialNetworkProjectMVC.Core.csproj", "{554B5923-6EAC-4349-9061-39BC7001B7C8}"
EndProject
Project("{FAE04EC0-301F-11D3-BF4B-00C04F79EFBC}") = "SocialNetworkProjectMVC.Business", "SocialNetworkProjectMVC.Business\SocialNetworkProjectMVC.Business.csproj", "{15794177-F651-4666-92E3-C0C8F12EA768}"
EndProject
Project("{FAE04EC0-301F-11D3-BF4B-00C04F79EFBC}") = "SocialNetworkProjectMVC.Entities", "SocialNetworkProjectMVC.Entities\SocialNetworkProjectMVC.Entities.csproj", "{97CCBC0A-1DAA-4438-A2D7-8A3A222CDBEB}"
EndProject
Project("{FAE04EC0-301F-11D3-BF4B-00C04F79EFBC}") = "SocialNetworkProjectMVC.DataAccess", "SocialNetworkProjectMVC.DataAccess\SocialNetworkProjectMVC.DataAccess.csproj", "{517DDEDE-08E2-42A9-B3DF-A92301190561}"
EndProject
Project("{FAE04EC0-301F-11D3-BF4B-00C04F79EFBC}") = "SocialNetworkProjectMVC.WebUI", "SocialNetworkProjectMVC.WebUI\SocialNetworkProjectMVC.WebUI.csproj", "{AAE06B81-C06C-4005-9D73-63624D48029C}"
EndProject
Global
	GlobalSection(SolutionConfigurationPlatforms) = preSolution
		Debug|Any CPU = Debug|Any CPU
		Release|Any CPU = Release|Any CPU
	EndGlobalSection
	GlobalSection(ProjectConfigurationPlatforms) = postSolution
		{554B5923-6EAC-4349-9061-39BC7001B7C8}.Debug|Any CPU.ActiveCfg = Debug|Any CPU
		{554B5923-6EAC-4349-9061-39BC7001B7C8}.Debug|Any CPU.Build.0 = Debug|Any CPU
		{554B5923-6EAC-4349-9061-39BC7001B7C8}.Release|Any CPU.ActiveCfg = Release|Any CPU
		{554B5923-6EAC-4349-9061-39BC7001B7C8}.Release|Any CPU.Build.0 = Release|Any CPU
		{15794177-F651-4666-92E3-C0C8F12EA768}.Debug|Any CPU.ActiveCfg = Debug|Any CPU
		{15794177-F651-4666-92E3-C0C8F12EA768}.Debug|Any CPU.Build.0 = Debug|Any CPU
		{15794177-F651-4666-92E3-C0C8F12EA768}.Release|Any CPU.ActiveCfg = Release|Any CPU
		{15794177-F651-4666-92E3-C0C8F12EA768}.Release|Any CPU.Build.0 = Release|Any CPU
		{97CCBC0A-1DAA-4438-A2D7-8A3A222CDBEB}.Debug|Any CPU.ActiveCfg = Debug|Any CPU
		{97CCBC0A-1DAA-4438-A2D7-8A3A222CDBEB}.Debug|Any CPU.Build.0 = Debug|Any CPU
		{97CCBC0A-1DAA-4438-A2D7-8A3A222CDBEB}.Release|Any CPU.ActiveCfg = Release|Any CPU
		{97CCBC0A-1DAA-4438-A2D7-8A3A222CDBEB}.Release|Any CPU.Build.0 = Release|Any CPU
		{517DDEDE-08E2-42A9-B3DF-A92301190561}.Debug|Any CPU.ActiveCfg = Debug|Any CPU
		{517DDEDE-08E2-42A9-B3DF-A92301190561}.Debug|Any CPU.Build.0 = Debug|Any CPU
		{517DDEDE-08E2-42A9-B3DF-A92301190561}.Release|Any CPU.ActiveCfg = Release|Any CPU
		{517DDEDE-08E2-42A9-B3DF-A92301190561}.Release|Any CPU.Build.0 = Release|Any CPU
		{AAE06B81-C06C-4005-9D73-63624D48029C}.Debug|Any CPU.ActiveCfg = Debug|Any CPU
		{AAE06B81-C06C-4005-9D73-63624D48029C}.Debug|Any CPU.Build.0 = Debug|Any CPU
		{AAE06B81-C06C-4005-9D73-63624D48029C}.Release|Any CPU.ActiveCfg = Release|Any CPU
		{AAE06B81-C06C-4005-9D73-63624D48029C}.Release|Any CPU.Build.0 = Release|Any CPU
	EndGlobalSection
	GlobalSection(SolutionProperties) = preSolution
		HideSolutionNode = FALSE
	EndGlobalSection
	GlobalSection(ExtensibilityGlobals) = postSolution
		SolutionGuid = {6D40B829-6089-40AB-854F-AFA7A0F0929D}
	EndGlobalSection
EndGlobal
